
Microsoft Visual Studio Solution File, Format Version 12.00
# Visual Studio Version 16
VisualStudioVersion = 16.0.30717.126
MinimumVisualStudioVersion = 10.0.40219.1
Project("{FAE04EC0-301F-11D3-BF4B-00C04F79EFBC}") = "GrpcServer.Web", "GrpcServer.Web\GrpcServer.Web.csproj", "{EDBB46AF-A35A-4DC6-BCE3-4B1E992B175A}"
EndProject
Global
	GlobalSection(SolutionConfigurationPlatforms) = preSolution
		Debug|Any CPU = Debug|Any CPU
		Release|Any CPU = Release|Any CPU
	EndGlobalSection
	GlobalSection(ProjectConfigurationPlatforms) = postSolution
		{EDBB46AF-A35A-4DC6-BCE3-4B1E992B175A}.Debug|Any CPU.ActiveCfg = Debug|Any CPU
		{EDBB46AF-A35A-4DC6-BCE3-4B1E992B175A}.Debug|Any CPU.Build.0 = Debug|Any CPU
		{EDBB46AF-A35A-4DC6-BCE3-4B1E992B175A}.Release|Any CPU.ActiveCfg = Release|Any CPU
		{EDBB46AF-A35A-4DC6-BCE3-4B1E992B175A}.Release|Any CPU.Build.0 = Release|Any CPU
	EndGlobalSection
	GlobalSection(SolutionProperties) = preSolution
		HideSolutionNode = FALSE
	EndGlobalSection
	GlobalSection(ExtensibilityGlobals) = postSolution
		SolutionGuid = {98C679C1-7314-4574-8077-812BF327AD97}
	EndGlobalSection
EndGlobal
