
Microsoft Visual Studio Solution File, Format Version 12.00
# Visual Studio Version 16
VisualStudioVersion = 16.0.30717.126
MinimumVisualStudioVersion = 10.0.40219.1
Project("{FAE04EC0-301F-11D3-BF4B-00C04F79EFBC}") = "MicroServiceWeb", "MicroServiceWeb\MicroServiceWeb.csproj", "{AB7C19C2-59F6-46B7-9594-F5D40B68C777}"
EndProject
Project("{FAE04EC0-301F-11D3-BF4B-00C04F79EFBC}") = "MicroServiceDAL", "MicroServiceDAL\MicroServiceDAL.csproj", "{A057E6AA-3169-499B-A64F-32F34417D226}"
EndProject
Project("{FAE04EC0-301F-11D3-BF4B-00C04F79EFBC}") = "MicroServiceBLL", "MicroServiceBLL\MicroServiceBLL.csproj", "{652DA15D-C241-4411-8183-ACB6CFE70DCE}"
EndProject
Project("{FAE04EC0-301F-11D3-BF4B-00C04F79EFBC}") = "MicroServiceModel", "MicroServiceModel\MicroServiceModel.csproj", "{86D3FB54-D67C-4BFB-A3AA-30CCF326E26B}"
EndProject
Project("{FAE04EC0-301F-11D3-BF4B-00C04F79EFBC}") = "MicroServiceApi", "MicroServiceApi\MicroServiceApi.csproj", "{3674A71C-FE54-4A78-96C0-F7517D6B8495}"
EndProject
Global
	GlobalSection(SolutionConfigurationPlatforms) = preSolution
		Debug|Any CPU = Debug|Any CPU
		Release|Any CPU = Release|Any CPU
	EndGlobalSection
	GlobalSection(ProjectConfigurationPlatforms) = postSolution
		{AB7C19C2-59F6-46B7-9594-F5D40B68C777}.Debug|Any CPU.ActiveCfg = Debug|Any CPU
		{AB7C19C2-59F6-46B7-9594-F5D40B68C777}.Debug|Any CPU.Build.0 = Debug|Any CPU
		{AB7C19C2-59F6-46B7-9594-F5D40B68C777}.Release|Any CPU.ActiveCfg = Release|Any CPU
		{AB7C19C2-59F6-46B7-9594-F5D40B68C777}.Release|Any CPU.Build.0 = Release|Any CPU
		{A057E6AA-3169-499B-A64F-32F34417D226}.Debug|Any CPU.ActiveCfg = Debug|Any CPU
		{A057E6AA-3169-499B-A64F-32F34417D226}.Debug|Any CPU.Build.0 = Debug|Any CPU
		{A057E6AA-3169-499B-A64F-32F34417D226}.Release|Any CPU.ActiveCfg = Release|Any CPU
		{A057E6AA-3169-499B-A64F-32F34417D226}.Release|Any CPU.Build.0 = Release|Any CPU
		{652DA15D-C241-4411-8183-ACB6CFE70DCE}.Debug|Any CPU.ActiveCfg = Debug|Any CPU
		{652DA15D-C241-4411-8183-ACB6CFE70DCE}.Debug|Any CPU.Build.0 = Debug|Any CPU
		{652DA15D-C241-4411-8183-ACB6CFE70DCE}.Release|Any CPU.ActiveCfg = Release|Any CPU
		{652DA15D-C241-4411-8183-ACB6CFE70DCE}.Release|Any CPU.Build.0 = Release|Any CPU
		{86D3FB54-D67C-4BFB-A3AA-30CCF326E26B}.Debug|Any CPU.ActiveCfg = Debug|Any CPU
		{86D3FB54-D67C-4BFB-A3AA-30CCF326E26B}.Debug|Any CPU.Build.0 = Debug|Any CPU
		{86D3FB54-D67C-4BFB-A3AA-30CCF326E26B}.Release|Any CPU.ActiveCfg = Release|Any CPU
		{86D3FB54-D67C-4BFB-A3AA-30CCF326E26B}.Release|Any CPU.Build.0 = Release|Any CPU
		{3674A71C-FE54-4A78-96C0-F7517D6B8495}.Debug|Any CPU.ActiveCfg = Debug|Any CPU
		{3674A71C-FE54-4A78-96C0-F7517D6B8495}.Debug|Any CPU.Build.0 = Debug|Any CPU
		{3674A71C-FE54-4A78-96C0-F7517D6B8495}.Release|Any CPU.ActiveCfg = Release|Any CPU
		{3674A71C-FE54-4A78-96C0-F7517D6B8495}.Release|Any CPU.Build.0 = Release|Any CPU
	EndGlobalSection
	GlobalSection(SolutionProperties) = preSolution
		HideSolutionNode = FALSE
	EndGlobalSection
	GlobalSection(ExtensibilityGlobals) = postSolution
		SolutionGuid = {7DEC5FCA-7375-4E0C-8428-F1100A95D91C}
	EndGlobalSection
EndGlobal
